
Microsoft Visual Studio Solution File, Format Version 12.00
# Visual Studio 15
VisualStudioVersion = 15.0.28307.705
MinimumVisualStudioVersion = 10.0.40219.1
Project("{FAE04EC0-301F-11D3-BF4B-00C04F79EFBC}") = "Theatre", "Theatre\Theatre.csproj", "{40A7649A-1136-48AB-838A-C0BE5F1CE81A}"
EndProject
Project("{FAE04EC0-301F-11D3-BF4B-00C04F79EFBC}") = "TheatreClassLibrary", "TheatreClassLibrary\TheatreClassLibrary.csproj", "{8EFB30BA-DAB5-4478-9A40-4E2A1C2B3F7D}"
EndProject
Project("{FAE04EC0-301F-11D3-BF4B-00C04F79EFBC}") = "TestConsole", "TestConsole\TestConsole.csproj", "{CE480397-745F-49BF-8FA5-9957B230A143}"
EndProject
Global
	GlobalSection(SolutionConfigurationPlatforms) = preSolution
		Debug|Any CPU = Debug|Any CPU
		Release|Any CPU = Release|Any CPU
	EndGlobalSection
	GlobalSection(ProjectConfigurationPlatforms) = postSolution
		{40A7649A-1136-48AB-838A-C0BE5F1CE81A}.Debug|Any CPU.ActiveCfg = Debug|Any CPU
		{40A7649A-1136-48AB-838A-C0BE5F1CE81A}.Debug|Any CPU.Build.0 = Debug|Any CPU
		{40A7649A-1136-48AB-838A-C0BE5F1CE81A}.Release|Any CPU.ActiveCfg = Release|Any CPU
		{40A7649A-1136-48AB-838A-C0BE5F1CE81A}.Release|Any CPU.Build.0 = Release|Any CPU
		{8EFB30BA-DAB5-4478-9A40-4E2A1C2B3F7D}.Debug|Any CPU.ActiveCfg = Debug|Any CPU
		{8EFB30BA-DAB5-4478-9A40-4E2A1C2B3F7D}.Debug|Any CPU.Build.0 = Debug|Any CPU
		{8EFB30BA-DAB5-4478-9A40-4E2A1C2B3F7D}.Release|Any CPU.ActiveCfg = Release|Any CPU
		{8EFB30BA-DAB5-4478-9A40-4E2A1C2B3F7D}.Release|Any CPU.Build.0 = Release|Any CPU
		{CE480397-745F-49BF-8FA5-9957B230A143}.Debug|Any CPU.ActiveCfg = Debug|Any CPU
		{CE480397-745F-49BF-8FA5-9957B230A143}.Debug|Any CPU.Build.0 = Debug|Any CPU
		{CE480397-745F-49BF-8FA5-9957B230A143}.Release|Any CPU.ActiveCfg = Release|Any CPU
		{CE480397-745F-49BF-8FA5-9957B230A143}.Release|Any CPU.Build.0 = Release|Any CPU
	EndGlobalSection
	GlobalSection(SolutionProperties) = preSolution
		HideSolutionNode = FALSE
	EndGlobalSection
	GlobalSection(ExtensibilityGlobals) = postSolution
		SolutionGuid = {7C00C21D-44C4-441E-A16A-CC272015A6B0}
	EndGlobalSection
EndGlobal
